
Microsoft Visual Studio Solution File, Format Version 12.00
# Visual Studio Version 17
VisualStudioVersion = 17.9.34607.119
MinimumVisualStudioVersion = 10.0.40219.1
Project("{FAE04EC0-301F-11D3-BF4B-00C04F79EFBC}") = "TicTacToeProject", "TicTacToeProject.csproj", "{6A871A9C-5D6E-41C8-B838-BA3468956805}"
EndProject
Global
	GlobalSection(SolutionConfigurationPlatforms) = preSolution
		Debug|Any CPU = Debug|Any CPU
		Release|Any CPU = Release|Any CPU
	EndGlobalSection
	GlobalSection(ProjectConfigurationPlatforms) = postSolution
		{6A871A9C-5D6E-41C8-B838-BA3468956805}.Debug|Any CPU.ActiveCfg = Debug|Any CPU
		{6A871A9C-5D6E-41C8-B838-BA3468956805}.Debug|Any CPU.Build.0 = Debug|Any CPU
		{6A871A9C-5D6E-41C8-B838-BA3468956805}.Release|Any CPU.ActiveCfg = Release|Any CPU
		{6A871A9C-5D6E-41C8-B838-BA3468956805}.Release|Any CPU.Build.0 = Release|Any CPU
	EndGlobalSection
	GlobalSection(SolutionProperties) = preSolution
		HideSolutionNode = FALSE
	EndGlobalSection
	GlobalSection(ExtensibilityGlobals) = postSolution
		SolutionGuid = {68E5DC6A-9108-4D30-ADEF-0A427526B3AA}
	EndGlobalSection
EndGlobal
