
Microsoft Visual Studio Solution File, Format Version 12.00
# Visual Studio Version 17
VisualStudioVersion = 17.9.34607.119
MinimumVisualStudioVersion = 10.0.40219.1
Project("{FAE04EC0-301F-11D3-BF4B-00C04F79EFBC}") = "WindowsFormsApp1", "WindowsFormsApp1\WindowsFormsApp1.csproj", "{FE889C2E-E45A-4217-89DA-CF4D39622C64}"
EndProject
Global
	GlobalSection(SolutionConfigurationPlatforms) = preSolution
		Debug|Any CPU = Debug|Any CPU
		Release|Any CPU = Release|Any CPU
	EndGlobalSection
	GlobalSection(ProjectConfigurationPlatforms) = postSolution
		{FE889C2E-E45A-4217-89DA-CF4D39622C64}.Debug|Any CPU.ActiveCfg = Debug|Any CPU
		{FE889C2E-E45A-4217-89DA-CF4D39622C64}.Debug|Any CPU.Build.0 = Debug|Any CPU
		{FE889C2E-E45A-4217-89DA-CF4D39622C64}.Release|Any CPU.ActiveCfg = Release|Any CPU
		{FE889C2E-E45A-4217-89DA-CF4D39622C64}.Release|Any CPU.Build.0 = Release|Any CPU
	EndGlobalSection
	GlobalSection(SolutionProperties) = preSolution
		HideSolutionNode = FALSE
	EndGlobalSection
	GlobalSection(ExtensibilityGlobals) = postSolution
		SolutionGuid = {E2AADE01-62D9-447A-80E6-E64223B2E760}
	EndGlobalSection
EndGlobal
